
Microsoft Visual Studio Solution File, Format Version 12.00
# Visual Studio Version 17
VisualStudioVersion = 17.14.36221.1
MinimumVisualStudioVersion = 10.0.40219.1
Project("{FAE04EC0-301F-11D3-BF4B-00C04F79EFBC}") = "LeetCodeProblems", "LeetCodeProblems\LeetCodeProblems.csproj", "{25F3B77D-EC40-4051-9A2F-22B811BC1549}"
EndProject
Project("{FAE04EC0-301F-11D3-BF4B-00C04F79EFBC}") = "Maximum Number of Event that can be attended", "Maximum Number of Event that can be attended\Maximum Number of Event that can be attended.csproj", "{C1DA867A-9E29-416A-A798-2044022E1935}"
EndProject
Project("{FAE04EC0-301F-11D3-BF4B-00C04F79EFBC}") = "Recursion ( using Taylor Series )", "Recursion ( using Taylor Series )\Recursion ( using Taylor Series ).csproj", "{DA817F15-69E4-4111-B823-8AAD4F73EA9F}"
EndProject
Project("{FAE04EC0-301F-11D3-BF4B-00C04F79EFBC}") = "Combination Formula using Recursion", "Combination Formula using Recursion\Combination Formula using Recursion.csproj", "{F64CB868-C831-4170-8AA3-EF232D56F3DB}"
EndProject
Project("{FAE04EC0-301F-11D3-BF4B-00C04F79EFBC}") = "TowerOfHenoi_Recursion", "TowerOfHenoi_Recursion\TowerOfHenoi_Recursion.csproj", "{FF2E6068-9424-4324-87CB-9DC950792494}"
EndProject
Project("{FAE04EC0-301F-11D3-BF4B-00C04F79EFBC}") = "Fibonacci Series_Recursion", "Fibonacci Series_Recursion\Fibonacci Series_Recursion.csproj", "{D1A1CBE2-3D63-49EF-82E8-422D276DBC1D}"
EndProject
Project("{FAE04EC0-301F-11D3-BF4B-00C04F79EFBC}") = "RemoveDuplicatesfromSortedArray", "RemoveDuplicatesfromSortedArray\RemoveDuplicatesfromSortedArray.csproj", "{2F4B191C-23B5-4A53-9445-A6868C36475D}"
EndProject
Project("{FAE04EC0-301F-11D3-BF4B-00C04F79EFBC}") = "InsertInToArray", "InsertInToArray\InsertInToArray.csproj", "{22F6A24E-4712-4DCD-A606-82ECEC93D77D}"
EndProject
Project("{FAE04EC0-301F-11D3-BF4B-00C04F79EFBC}") = "DeleteFromArray", "DeleteFromArray\DeleteFromArray.csproj", "{F6BF3C4D-48C2-4E72-A94A-48E31393C82B}"
EndProject
Project("{FAE04EC0-301F-11D3-BF4B-00C04F79EFBC}") = "LinearSearch_InArray", "LinearSearch_InArray\LinearSearch_InArray.csproj", "{BB6D0B4E-915F-4038-B24E-E64743970E13}"
EndProject
Project("{FAE04EC0-301F-11D3-BF4B-00C04F79EFBC}") = "LinkedList", "LinkedList\LinkedList.csproj", "{978DC7AD-836D-40A6-9C86-50D55D94B843}"
EndProject
Project("{FAE04EC0-301F-11D3-BF4B-00C04F79EFBC}") = "BubbleSort", "BubbleSort\BubbleSort.csproj", "{23BA73C2-CEE9-4488-96B8-FBE5CF628B8E}"
EndProject
Global
	GlobalSection(SolutionConfigurationPlatforms) = preSolution
		Debug|Any CPU = Debug|Any CPU
		Release|Any CPU = Release|Any CPU
	EndGlobalSection
	GlobalSection(ProjectConfigurationPlatforms) = postSolution
		{25F3B77D-EC40-4051-9A2F-22B811BC1549}.Debug|Any CPU.ActiveCfg = Debug|Any CPU
		{25F3B77D-EC40-4051-9A2F-22B811BC1549}.Debug|Any CPU.Build.0 = Debug|Any CPU
		{25F3B77D-EC40-4051-9A2F-22B811BC1549}.Release|Any CPU.ActiveCfg = Release|Any CPU
		{25F3B77D-EC40-4051-9A2F-22B811BC1549}.Release|Any CPU.Build.0 = Release|Any CPU
		{C1DA867A-9E29-416A-A798-2044022E1935}.Debug|Any CPU.ActiveCfg = Debug|Any CPU
		{C1DA867A-9E29-416A-A798-2044022E1935}.Debug|Any CPU.Build.0 = Debug|Any CPU
		{C1DA867A-9E29-416A-A798-2044022E1935}.Release|Any CPU.ActiveCfg = Release|Any CPU
		{C1DA867A-9E29-416A-A798-2044022E1935}.Release|Any CPU.Build.0 = Release|Any CPU
		{DA817F15-69E4-4111-B823-8AAD4F73EA9F}.Debug|Any CPU.ActiveCfg = Debug|Any CPU
		{DA817F15-69E4-4111-B823-8AAD4F73EA9F}.Debug|Any CPU.Build.0 = Debug|Any CPU
		{DA817F15-69E4-4111-B823-8AAD4F73EA9F}.Release|Any CPU.ActiveCfg = Release|Any CPU
		{DA817F15-69E4-4111-B823-8AAD4F73EA9F}.Release|Any CPU.Build.0 = Release|Any CPU
		{F64CB868-C831-4170-8AA3-EF232D56F3DB}.Debug|Any CPU.ActiveCfg = Debug|Any CPU
		{F64CB868-C831-4170-8AA3-EF232D56F3DB}.Debug|Any CPU.Build.0 = Debug|Any CPU
		{F64CB868-C831-4170-8AA3-EF232D56F3DB}.Release|Any CPU.ActiveCfg = Release|Any CPU
		{F64CB868-C831-4170-8AA3-EF232D56F3DB}.Release|Any CPU.Build.0 = Release|Any CPU
		{FF2E6068-9424-4324-87CB-9DC950792494}.Debug|Any CPU.ActiveCfg = Debug|Any CPU
		{FF2E6068-9424-4324-87CB-9DC950792494}.Debug|Any CPU.Build.0 = Debug|Any CPU
		{FF2E6068-9424-4324-87CB-9DC950792494}.Release|Any CPU.ActiveCfg = Release|Any CPU
		{FF2E6068-9424-4324-87CB-9DC950792494}.Release|Any CPU.Build.0 = Release|Any CPU
		{D1A1CBE2-3D63-49EF-82E8-422D276DBC1D}.Debug|Any CPU.ActiveCfg = Debug|Any CPU
		{D1A1CBE2-3D63-49EF-82E8-422D276DBC1D}.Debug|Any CPU.Build.0 = Debug|Any CPU
		{D1A1CBE2-3D63-49EF-82E8-422D276DBC1D}.Release|Any CPU.ActiveCfg = Release|Any CPU
		{D1A1CBE2-3D63-49EF-82E8-422D276DBC1D}.Release|Any CPU.Build.0 = Release|Any CPU
		{2F4B191C-23B5-4A53-9445-A6868C36475D}.Debug|Any CPU.ActiveCfg = Debug|Any CPU
		{2F4B191C-23B5-4A53-9445-A6868C36475D}.Debug|Any CPU.Build.0 = Debug|Any CPU
		{2F4B191C-23B5-4A53-9445-A6868C36475D}.Release|Any CPU.ActiveCfg = Release|Any CPU
		{2F4B191C-23B5-4A53-9445-A6868C36475D}.Release|Any CPU.Build.0 = Release|Any CPU
		{22F6A24E-4712-4DCD-A606-82ECEC93D77D}.Debug|Any CPU.ActiveCfg = Debug|Any CPU
		{22F6A24E-4712-4DCD-A606-82ECEC93D77D}.Debug|Any CPU.Build.0 = Debug|Any CPU
		{22F6A24E-4712-4DCD-A606-82ECEC93D77D}.Release|Any CPU.ActiveCfg = Release|Any CPU
		{22F6A24E-4712-4DCD-A606-82ECEC93D77D}.Release|Any CPU.Build.0 = Release|Any CPU
		{F6BF3C4D-48C2-4E72-A94A-48E31393C82B}.Debug|Any CPU.ActiveCfg = Debug|Any CPU
		{F6BF3C4D-48C2-4E72-A94A-48E31393C82B}.Debug|Any CPU.Build.0 = Debug|Any CPU
		{F6BF3C4D-48C2-4E72-A94A-48E31393C82B}.Release|Any CPU.ActiveCfg = Release|Any CPU
		{F6BF3C4D-48C2-4E72-A94A-48E31393C82B}.Release|Any CPU.Build.0 = Release|Any CPU
		{BB6D0B4E-915F-4038-B24E-E64743970E13}.Debug|Any CPU.ActiveCfg = Debug|Any CPU
		{BB6D0B4E-915F-4038-B24E-E64743970E13}.Debug|Any CPU.Build.0 = Debug|Any CPU
		{BB6D0B4E-915F-4038-B24E-E64743970E13}.Release|Any CPU.ActiveCfg = Release|Any CPU
		{BB6D0B4E-915F-4038-B24E-E64743970E13}.Release|Any CPU.Build.0 = Release|Any CPU
		{978DC7AD-836D-40A6-9C86-50D55D94B843}.Debug|Any CPU.ActiveCfg = Debug|Any CPU
		{978DC7AD-836D-40A6-9C86-50D55D94B843}.Debug|Any CPU.Build.0 = Debug|Any CPU
		{978DC7AD-836D-40A6-9C86-50D55D94B843}.Release|Any CPU.ActiveCfg = Release|Any CPU
		{978DC7AD-836D-40A6-9C86-50D55D94B843}.Release|Any CPU.Build.0 = Release|Any CPU
		{23BA73C2-CEE9-4488-96B8-FBE5CF628B8E}.Debug|Any CPU.ActiveCfg = Debug|Any CPU
		{23BA73C2-CEE9-4488-96B8-FBE5CF628B8E}.Debug|Any CPU.Build.0 = Debug|Any CPU
		{23BA73C2-CEE9-4488-96B8-FBE5CF628B8E}.Release|Any CPU.ActiveCfg = Release|Any CPU
		{23BA73C2-CEE9-4488-96B8-FBE5CF628B8E}.Release|Any CPU.Build.0 = Release|Any CPU
	EndGlobalSection
	GlobalSection(SolutionProperties) = preSolution
		HideSolutionNode = FALSE
	EndGlobalSection
	GlobalSection(ExtensibilityGlobals) = postSolution
		SolutionGuid = {3229A02B-E2DD-47E9-96D3-294955E81724}
	EndGlobalSection
EndGlobal
